
Microsoft Visual Studio Solution File, Format Version 12.00
# Visual Studio Version 17
VisualStudioVersion = 17.3.32901.215
MinimumVisualStudioVersion = 10.0.40219.1
Project("{FAE04EC0-301F-11D3-BF4B-00C04F79EFBC}") = "opOver3", "opOver3\opOver3.csproj", "{C6646CE4-78FF-4D2B-9907-8E31F57C0A71}"
EndProject
Global
	GlobalSection(SolutionConfigurationPlatforms) = preSolution
		Debug|Any CPU = Debug|Any CPU
		Release|Any CPU = Release|Any CPU
	EndGlobalSection
	GlobalSection(ProjectConfigurationPlatforms) = postSolution
		{C6646CE4-78FF-4D2B-9907-8E31F57C0A71}.Debug|Any CPU.ActiveCfg = Debug|Any CPU
		{C6646CE4-78FF-4D2B-9907-8E31F57C0A71}.Debug|Any CPU.Build.0 = Debug|Any CPU
		{C6646CE4-78FF-4D2B-9907-8E31F57C0A71}.Release|Any CPU.ActiveCfg = Release|Any CPU
		{C6646CE4-78FF-4D2B-9907-8E31F57C0A71}.Release|Any CPU.Build.0 = Release|Any CPU
	EndGlobalSection
	GlobalSection(SolutionProperties) = preSolution
		HideSolutionNode = FALSE
	EndGlobalSection
	GlobalSection(ExtensibilityGlobals) = postSolution
		SolutionGuid = {7858F414-D20B-4E62-92D4-E30429445566}
	EndGlobalSection
EndGlobal
